
Microsoft Visual Studio Solution File, Format Version 12.00
# Visual Studio Version 16
VisualStudioVersion = 16.0.34902.97
MinimumVisualStudioVersion = 10.0.40219.1
Project("{FAE04EC0-301F-11D3-BF4B-00C04F79EFBC}") = "ProGitForConsoleApp", "ProGitForConsoleApp.csproj", "{7FDE2DE1-BDDE-49B7-BFA0-BB2A4C092ADE}"
EndProject
Global
	GlobalSection(SolutionConfigurationPlatforms) = preSolution
		Debug|Any CPU = Debug|Any CPU
		Release|Any CPU = Release|Any CPU
	EndGlobalSection
	GlobalSection(ProjectConfigurationPlatforms) = postSolution
		{7FDE2DE1-BDDE-49B7-BFA0-BB2A4C092ADE}.Debug|Any CPU.ActiveCfg = Debug|Any CPU
		{7FDE2DE1-BDDE-49B7-BFA0-BB2A4C092ADE}.Debug|Any CPU.Build.0 = Debug|Any CPU
		{7FDE2DE1-BDDE-49B7-BFA0-BB2A4C092ADE}.Release|Any CPU.ActiveCfg = Release|Any CPU
		{7FDE2DE1-BDDE-49B7-BFA0-BB2A4C092ADE}.Release|Any CPU.Build.0 = Release|Any CPU
	EndGlobalSection
	GlobalSection(SolutionProperties) = preSolution
		HideSolutionNode = FALSE
	EndGlobalSection
	GlobalSection(ExtensibilityGlobals) = postSolution
		SolutionGuid = {F665794D-74A7-440E-98C4-230C2E4ABE40}
	EndGlobalSection
EndGlobal
